
Microsoft Visual Studio Solution File, Format Version 12.00
# Visual Studio Version 16
VisualStudioVersion = 16.0.29806.167
MinimumVisualStudioVersion = 10.0.40219.1
Project("{FAE04EC0-301F-11D3-BF4B-00C04F79EFBC}") = "Lap3.3", "Lap3.3\Lap3.3.csproj", "{9E636C3F-9968-4C12-BFFC-929538DC7EAF}"
EndProject
Global
	GlobalSection(SolutionConfigurationPlatforms) = preSolution
		Debug|Any CPU = Debug|Any CPU
		Release|Any CPU = Release|Any CPU
	EndGlobalSection
	GlobalSection(ProjectConfigurationPlatforms) = postSolution
		{9E636C3F-9968-4C12-BFFC-929538DC7EAF}.Debug|Any CPU.ActiveCfg = Debug|Any CPU
		{9E636C3F-9968-4C12-BFFC-929538DC7EAF}.Debug|Any CPU.Build.0 = Debug|Any CPU
		{9E636C3F-9968-4C12-BFFC-929538DC7EAF}.Release|Any CPU.ActiveCfg = Release|Any CPU
		{9E636C3F-9968-4C12-BFFC-929538DC7EAF}.Release|Any CPU.Build.0 = Release|Any CPU
	EndGlobalSection
	GlobalSection(SolutionProperties) = preSolution
		HideSolutionNode = FALSE
	EndGlobalSection
	GlobalSection(ExtensibilityGlobals) = postSolution
		SolutionGuid = {D4CB5F9A-2DBE-44E7-893C-2F7916131095}
	EndGlobalSection
EndGlobal
