
Microsoft Visual Studio Solution File, Format Version 12.00
# Visual Studio Version 16
VisualStudioVersion = 16.0.29806.167
MinimumVisualStudioVersion = 10.0.40219.1
Project("{FAE04EC0-301F-11D3-BF4B-00C04F79EFBC}") = "Bai01", "Bai01\Bai01.csproj", "{15BD388E-DC32-4385-9C9E-6D89091F7D66}"
EndProject
Global
	GlobalSection(SolutionConfigurationPlatforms) = preSolution
		Debug|Any CPU = Debug|Any CPU
		Release|Any CPU = Release|Any CPU
	EndGlobalSection
	GlobalSection(ProjectConfigurationPlatforms) = postSolution
		{15BD388E-DC32-4385-9C9E-6D89091F7D66}.Debug|Any CPU.ActiveCfg = Debug|Any CPU
		{15BD388E-DC32-4385-9C9E-6D89091F7D66}.Debug|Any CPU.Build.0 = Debug|Any CPU
		{15BD388E-DC32-4385-9C9E-6D89091F7D66}.Release|Any CPU.ActiveCfg = Release|Any CPU
		{15BD388E-DC32-4385-9C9E-6D89091F7D66}.Release|Any CPU.Build.0 = Release|Any CPU
	EndGlobalSection
	GlobalSection(SolutionProperties) = preSolution
		HideSolutionNode = FALSE
	EndGlobalSection
	GlobalSection(ExtensibilityGlobals) = postSolution
		SolutionGuid = {23A42B1A-64F2-456F-AD62-30B087C06982}
	EndGlobalSection
EndGlobal
