
Microsoft Visual Studio Solution File, Format Version 12.00
# Visual Studio Version 16
VisualStudioVersion = 16.0.29806.167
MinimumVisualStudioVersion = 10.0.40219.1
Project("{FAE04EC0-301F-11D3-BF4B-00C04F79EFBC}") = "Bai10", "Bai10\Bai10.csproj", "{1286A48B-4E06-489B-95BF-4DBA6F74805F}"
EndProject
Global
	GlobalSection(SolutionConfigurationPlatforms) = preSolution
		Debug|Any CPU = Debug|Any CPU
		Release|Any CPU = Release|Any CPU
	EndGlobalSection
	GlobalSection(ProjectConfigurationPlatforms) = postSolution
		{1286A48B-4E06-489B-95BF-4DBA6F74805F}.Debug|Any CPU.ActiveCfg = Debug|Any CPU
		{1286A48B-4E06-489B-95BF-4DBA6F74805F}.Debug|Any CPU.Build.0 = Debug|Any CPU
		{1286A48B-4E06-489B-95BF-4DBA6F74805F}.Release|Any CPU.ActiveCfg = Release|Any CPU
		{1286A48B-4E06-489B-95BF-4DBA6F74805F}.Release|Any CPU.Build.0 = Release|Any CPU
	EndGlobalSection
	GlobalSection(SolutionProperties) = preSolution
		HideSolutionNode = FALSE
	EndGlobalSection
	GlobalSection(ExtensibilityGlobals) = postSolution
		SolutionGuid = {26489A7D-307C-414F-A41B-28307EF249FE}
	EndGlobalSection
EndGlobal
