
Microsoft Visual Studio Solution File, Format Version 12.00
# Visual Studio Version 16
VisualStudioVersion = 16.0.29806.167
MinimumVisualStudioVersion = 10.0.40219.1
Project("{FAE04EC0-301F-11D3-BF4B-00C04F79EFBC}") = "Lab2-viet_OOP", "Lab2-viet_OOP\Lab2-viet_OOP.csproj", "{73D7C762-10BE-40CB-92B1-96D7ACFA2DD6}"
EndProject
Global
	GlobalSection(SolutionConfigurationPlatforms) = preSolution
		Debug|Any CPU = Debug|Any CPU
		Release|Any CPU = Release|Any CPU
	EndGlobalSection
	GlobalSection(ProjectConfigurationPlatforms) = postSolution
		{73D7C762-10BE-40CB-92B1-96D7ACFA2DD6}.Debug|Any CPU.ActiveCfg = Debug|Any CPU
		{73D7C762-10BE-40CB-92B1-96D7ACFA2DD6}.Debug|Any CPU.Build.0 = Debug|Any CPU
		{73D7C762-10BE-40CB-92B1-96D7ACFA2DD6}.Release|Any CPU.ActiveCfg = Release|Any CPU
		{73D7C762-10BE-40CB-92B1-96D7ACFA2DD6}.Release|Any CPU.Build.0 = Release|Any CPU
	EndGlobalSection
	GlobalSection(SolutionProperties) = preSolution
		HideSolutionNode = FALSE
	EndGlobalSection
	GlobalSection(ExtensibilityGlobals) = postSolution
		SolutionGuid = {0B3C97FB-73D5-460B-9875-704A408E6A84}
	EndGlobalSection
EndGlobal
