
Microsoft Visual Studio Solution File, Format Version 12.00
# Visual Studio Version 16
VisualStudioVersion = 16.0.30011.22
MinimumVisualStudioVersion = 10.0.40219.1
Project("{FAE04EC0-301F-11D3-BF4B-00C04F79EFBC}") = "Demoooooo", "Demoooooo\Demoooooo.csproj", "{4C0CE621-1804-43E3-B700-98DB0253F6D8}"
EndProject
Global
	GlobalSection(SolutionConfigurationPlatforms) = preSolution
		Debug|Any CPU = Debug|Any CPU
		Release|Any CPU = Release|Any CPU
	EndGlobalSection
	GlobalSection(ProjectConfigurationPlatforms) = postSolution
		{4C0CE621-1804-43E3-B700-98DB0253F6D8}.Debug|Any CPU.ActiveCfg = Debug|Any CPU
		{4C0CE621-1804-43E3-B700-98DB0253F6D8}.Debug|Any CPU.Build.0 = Debug|Any CPU
		{4C0CE621-1804-43E3-B700-98DB0253F6D8}.Release|Any CPU.ActiveCfg = Release|Any CPU
		{4C0CE621-1804-43E3-B700-98DB0253F6D8}.Release|Any CPU.Build.0 = Release|Any CPU
	EndGlobalSection
	GlobalSection(SolutionProperties) = preSolution
		HideSolutionNode = FALSE
	EndGlobalSection
	GlobalSection(ExtensibilityGlobals) = postSolution
		SolutionGuid = {8E93FC0E-5825-4AFF-86B6-3B24AC7E0FAA}
	EndGlobalSection
EndGlobal
